// !$*UTF8*$!
{
	archiveVersion = 1;
	classes = {
	};
	objectVersion = 46;
	objects = {

/* Begin PBXBuildFile section */
		61030F9A1953D0AA004EDABE /* main.m in Sources */ = {isa = PBXBuildFile; fileRef = 61030F991953D0AA004EDABE /* main.m */; };
		61030F9D1953D0AA004EDABE /* AppDelegate.m in Sources */ = {isa = PBXBuildFile; fileRef = 61030F9C1953D0AA004EDABE /* AppDelegate.m */; };
		61030F9F1953D0AA004EDABE /* Images.xcassets in Resources */ = {isa = PBXBuildFile; fileRef = 61030F9E1953D0AA004EDABE /* Images.xcassets */; };
		61030FAB1953D0AA004EDABE /* OCplusSwiftTests.m in Sources */ = {isa = PBXBuildFile; fileRef = 61030FAA1953D0AA004EDABE /* OCplusSwiftTests.m */; };
		61030FB91953DE58004EDABE /* RootVC.swift in Sources */ = {isa = PBXBuildFile; fileRef = 61030FB81953DE58004EDABE /* RootVC.swift */; };
		ED81032F19546260002799B1 /* CustomCell.swift in Sources */ = {isa = PBXBuildFile; fileRef = ED81032D19546260002799B1 /* CustomCell.swift */; };
		ED81033019546260002799B1 /* CustomCell.xib in Resources */ = {isa = PBXBuildFile; fileRef = ED81032E19546260002799B1 /* CustomCell.xib */; };
		ED81033419547E50002799B1 /* ifly_btn_h.png in Resources */ = {isa = PBXBuildFile; fileRef = ED81033319547E50002799B1 /* ifly_btn_h.png */; };
		ED810336195523F1002799B1 /* HttpRequest.swift in Sources */ = {isa = PBXBuildFile; fileRef = ED810335195523F1002799B1 /* HttpRequest.swift */; };
		ED81033E19553659002799B1 /* NSData+Base64.m in Sources */ = {isa = PBXBuildFile; fileRef = ED81033919553659002799B1 /* NSData+Base64.m */; settings = {COMPILER_FLAGS = "-fno-objc-arc"; }; };
		ED81033F19553659002799B1 /* NSString+URLEncoding.m in Sources */ = {isa = PBXBuildFile; fileRef = ED81033B19553659002799B1 /* NSString+URLEncoding.m */; settings = {COMPILER_FLAGS = "-fno-objc-arc"; }; };
		ED81034019553659002799B1 /* StringEncryption.m in Sources */ = {isa = PBXBuildFile; fileRef = ED81033D19553659002799B1 /* StringEncryption.m */; settings = {COMPILER_FLAGS = "-fno-objc-arc"; }; };
		ED810342195538CB002799B1 /* Foundation.framework in Frameworks */ = {isa = PBXBuildFile; fileRef = ED810341195538CB002799B1 /* Foundation.framework */; };
/* End PBXBuildFile section */

/* Begin PBXContainerItemProxy section */
		61030FA51953D0AA004EDABE /* PBXContainerItemProxy */ = {
			isa = PBXContainerItemProxy;
			containerPortal = 61030F8C1953D0AA004EDABE /* Project object */;
			proxyType = 1;
			remoteGlobalIDString = 61030F931953D0AA004EDABE;
			remoteInfo = OCplusSwift;
		};
/* End PBXContainerItemProxy section */

/* Begin PBXFileReference section */
		61030F941953D0AA004EDABE /* OCplusSwift.app */ = {isa = PBXFileReference; explicitFileType = wrapper.application; includeInIndex = 0; path = OCplusSwift.app; sourceTree = BUILT_PRODUCTS_DIR; };
		61030F981953D0AA004EDABE /* Info.plist */ = {isa = PBXFileReference; lastKnownFileType = text.plist.xml; path = Info.plist; sourceTree = "<group>"; };
		61030F991953D0AA004EDABE /* main.m */ = {isa = PBXFileReference; lastKnownFileType = sourcecode.c.objc; path = main.m; sourceTree = "<group>"; };
		61030F9B1953D0AA004EDABE /* AppDelegate.h */ = {isa = PBXFileReference; lastKnownFileType = sourcecode.c.h; path = AppDelegate.h; sourceTree = "<group>"; };
		61030F9C1953D0AA004EDABE /* AppDelegate.m */ = {isa = PBXFileReference; lastKnownFileType = sourcecode.c.objc; path = AppDelegate.m; sourceTree = "<group>"; };
		61030F9E1953D0AA004EDABE /* Images.xcassets */ = {isa = PBXFileReference; lastKnownFileType = folder.assetcatalog; path = Images.xcassets; sourceTree = "<group>"; };
		61030FA41953D0AA004EDABE /* OCplusSwiftTests.xctest */ = {isa = PBXFileReference; explicitFileType = wrapper.cfbundle; includeInIndex = 0; path = OCplusSwiftTests.xctest; sourceTree = BUILT_PRODUCTS_DIR; };
		61030FA91953D0AA004EDABE /* Info.plist */ = {isa = PBXFileReference; lastKnownFileType = text.plist.xml; path = Info.plist; sourceTree = "<group>"; };
		61030FAA1953D0AA004EDABE /* OCplusSwiftTests.m */ = {isa = PBXFileReference; lastKnownFileType = sourcecode.c.objc; path = OCplusSwiftTests.m; sourceTree = "<group>"; };
		61030FB71953DE57004EDABE /* OCplusSwift-Bridging-Header.h */ = {isa = PBXFileReference; lastKnownFileType = sourcecode.c.h; path = "OCplusSwift-Bridging-Header.h"; sourceTree = "<group>"; };
		61030FB81953DE58004EDABE /* RootVC.swift */ = {isa = PBXFileReference; fileEncoding = 4; lastKnownFileType = sourcecode.swift; path = RootVC.swift; sourceTree = "<group>"; };
		ED81032D19546260002799B1 /* CustomCell.swift */ = {isa = PBXFileReference; fileEncoding = 4; lastKnownFileType = sourcecode.swift; path = CustomCell.swift; sourceTree = "<group>"; };
		ED81032E19546260002799B1 /* CustomCell.xib */ = {isa = PBXFileReference; fileEncoding = 4; lastKnownFileType = file.xib; path = CustomCell.xib; sourceTree = "<group>"; };
		ED81033319547E50002799B1 /* ifly_btn_h.png */ = {isa = PBXFileReference; lastKnownFileType = image.png; path = ifly_btn_h.png; sourceTree = "<group>"; };
		ED810335195523F1002799B1 /* HttpRequest.swift */ = {isa = PBXFileReference; fileEncoding = 4; lastKnownFileType = sourcecode.swift; path = HttpRequest.swift; sourceTree = "<group>"; };
		ED81033819553659002799B1 /* NSData+Base64.h */ = {isa = PBXFileReference; fileEncoding = 4; lastKnownFileType = sourcecode.c.h; path = "NSData+Base64.h"; sourceTree = "<group>"; };
		ED81033919553659002799B1 /* NSData+Base64.m */ = {isa = PBXFileReference; fileEncoding = 4; lastKnownFileType = sourcecode.c.objc; path = "NSData+Base64.m"; sourceTree = "<group>"; };
		ED81033A19553659002799B1 /* NSString+URLEncoding.h */ = {isa = PBXFileReference; fileEncoding = 4; lastKnownFileType = sourcecode.c.h; path = "NSString+URLEncoding.h"; sourceTree = "<group>"; };
		ED81033B19553659002799B1 /* NSString+URLEncoding.m */ = {isa = PBXFileReference; fileEncoding = 4; lastKnownFileType = sourcecode.c.objc; path = "NSString+URLEncoding.m"; sourceTree = "<group>"; };
		ED81033C19553659002799B1 /* StringEncryption.h */ = {isa = PBXFileReference; fileEncoding = 4; lastKnownFileType = sourcecode.c.h; path = StringEncryption.h; sourceTree = "<group>"; };
		ED81033D19553659002799B1 /* StringEncryption.m */ = {isa = PBXFileReference; fileEncoding = 4; lastKnownFileType = sourcecode.c.objc; path = StringEncryption.m; sourceTree = "<group>"; };
		ED810341195538CB002799B1 /* Foundation.framework */ = {isa = PBXFileReference; lastKnownFileType = wrapper.framework; name = Foundation.framework; path = System/Library/Frameworks/Foundation.framework; sourceTree = SDKROOT; };
/* End PBXFileReference section */

/* Begin PBXFrameworksBuildPhase section */
		61030F911953D0AA004EDABE /* Frameworks */ = {
			isa = PBXFrameworksBuildPhase;
			buildActionMask = 2147483647;
			files = (
				ED810342195538CB002799B1 /* Foundation.framework in Frameworks */,
			);
			runOnlyForDeploymentPostprocessing = 0;
		};
		61030FA11953D0AA004EDABE /* Frameworks */ = {
			isa = PBXFrameworksBuildPhase;
			buildActionMask = 2147483647;
			files = (
			);
			runOnlyForDeploymentPostprocessing = 0;
		};
/* End PBXFrameworksBuildPhase section */

/* Begin PBXGroup section */
		61030F8B1953D0AA004EDABE = {
			isa = PBXGroup;
			children = (
				61030F961953D0AA004EDABE /* OCplusSwift */,
				61030FA71953D0AA004EDABE /* OCplusSwiftTests */,
				61030F951953D0AA004EDABE /* Products */,
			);
			sourceTree = "<group>";
		};
		61030F951953D0AA004EDABE /* Products */ = {
			isa = PBXGroup;
			children = (
				61030F941953D0AA004EDABE /* OCplusSwift.app */,
				61030FA41953D0AA004EDABE /* OCplusSwiftTests.xctest */,
			);
			name = Products;
			sourceTree = "<group>";
		};
		61030F961953D0AA004EDABE /* OCplusSwift */ = {
			isa = PBXGroup;
			children = (
				61030F9B1953D0AA004EDABE /* AppDelegate.h */,
				61030F9C1953D0AA004EDABE /* AppDelegate.m */,
				61030FB81953DE58004EDABE /* RootVC.swift */,
				ED81032D19546260002799B1 /* CustomCell.swift */,
				ED81032E19546260002799B1 /* CustomCell.xib */,
				ED810335195523F1002799B1 /* HttpRequest.swift */,
				ED81033719553648002799B1 /* Encoding */,
				61030F9E1953D0AA004EDABE /* Images.xcassets */,
				61030F971953D0AA004EDABE /* Supporting Files */,
				61030FB71953DE57004EDABE /* OCplusSwift-Bridging-Header.h */,
				ED810341195538CB002799B1 /* Foundation.framework */,
			);
			path = OCplusSwift;
			sourceTree = "<group>";
		};
		61030F971953D0AA004EDABE /* Supporting Files */ = {
			isa = PBXGroup;
			children = (
				ED81033219547E50002799B1 /* Resources */,
				61030F981953D0AA004EDABE /* Info.plist */,
				61030F991953D0AA004EDABE /* main.m */,
			);
			name = "Supporting Files";
			sourceTree = "<group>";
		};
		61030FA71953D0AA004EDABE /* OCplusSwiftTests */ = {
			isa = PBXGroup;
			children = (
				61030FAA1953D0AA004EDABE /* OCplusSwiftTests.m */,
				61030FA81953D0AA004EDABE /* Supporting Files */,
			);
			path = OCplusSwiftTests;
			sourceTree = "<group>";
		};
		61030FA81953D0AA004EDABE /* Supporting Files */ = {
			isa = PBXGroup;
			children = (
				61030FA91953D0AA004EDABE /* Info.plist */,
			);
			name = "Supporting Files";
			sourceTree = "<group>";
		};
		ED81033219547E50002799B1 /* Resources */ = {
			isa = PBXGroup;
			children = (
				ED81033319547E50002799B1 /* ifly_btn_h.png */,
			);
			path = Resources;
			sourceTree = "<group>";
		};
		ED81033719553648002799B1 /* Encoding */ = {
			isa = PBXGroup;
			children = (
				ED81033819553659002799B1 /* NSData+Base64.h */,
				ED81033919553659002799B1 /* NSData+Base64.m */,
				ED81033A19553659002799B1 /* NSString+URLEncoding.h */,
				ED81033B19553659002799B1 /* NSString+URLEncoding.m */,
				ED81033C19553659002799B1 /* StringEncryption.h */,
				ED81033D19553659002799B1 /* StringEncryption.m */,
			);
			path = Encoding;
			sourceTree = "<group>";
		};
/* End PBXGroup section */

/* Begin PBXNativeTarget section */
		61030F931953D0AA004EDABE /* OCplusSwift */ = {
			isa = PBXNativeTarget;
			buildConfigurationList = 61030FAE1953D0AA004EDABE /* Build configuration list for PBXNativeTarget "OCplusSwift" */;
			buildPhases = (
				61030F901953D0AA004EDABE /* Sources */,
				61030F911953D0AA004EDABE /* Frameworks */,
				61030F921953D0AA004EDABE /* Resources */,
			);
			buildRules = (
			);
			dependencies = (
			);
			name = OCplusSwift;
			productName = OCplusSwift;
			productReference = 61030F941953D0AA004EDABE /* OCplusSwift.app */;
			productType = "com.apple.product-type.application";
		};
		61030FA31953D0AA004EDABE /* OCplusSwiftTests */ = {
			isa = PBXNativeTarget;
			buildConfigurationList = 61030FB11953D0AA004EDABE /* Build configuration list for PBXNativeTarget "OCplusSwiftTests" */;
			buildPhases = (
				61030FA01953D0AA004EDABE /* Sources */,
				61030FA11953D0AA004EDABE /* Frameworks */,
				61030FA21953D0AA004EDABE /* Resources */,
			);
			buildRules = (
			);
			dependencies = (
				61030FA61953D0AA004EDABE /* PBXTargetDependency */,
			);
			name = OCplusSwiftTests;
			productName = OCplusSwiftTests;
			productReference = 61030FA41953D0AA004EDABE /* OCplusSwiftTests.xctest */;
			productType = "com.apple.product-type.bundle.unit-test";
		};
/* End PBXNativeTarget section */

/* Begin PBXProject section */
		61030F8C1953D0AA004EDABE /* Project object */ = {
			isa = PBXProject;
			attributes = {
				LastUpgradeCheck = 0600;
				ORGANIZATIONNAME = jian.zhao;
				TargetAttributes = {
					61030F931953D0AA004EDABE = {
						CreatedOnToolsVersion = 6.0;
					};
					61030FA31953D0AA004EDABE = {
						CreatedOnToolsVersion = 6.0;
						TestTargetID = 61030F931953D0AA004EDABE;
					};
				};
			};
			buildConfigurationList = 61030F8F1953D0AA004EDABE /* Build configuration list for PBXProject "OCplusSwift" */;
			compatibilityVersion = "Xcode 3.2";
			developmentRegion = English;
			hasScannedForEncodings = 0;
			knownRegions = (
				en,
			);
			mainGroup = 61030F8B1953D0AA004EDABE;
			productRefGroup = 61030F951953D0AA004EDABE /* Products */;
			projectDirPath = "";
			projectRoot = "";
			targets = (
				61030F931953D0AA004EDABE /* OCplusSwift */,
				61030FA31953D0AA004EDABE /* OCplusSwiftTests */,
			);
		};
/* End PBXProject section */

/* Begin PBXResourcesBuildPhase section */
		61030F921953D0AA004EDABE /* Resources */ = {
			isa = PBXResourcesBuildPhase;
			buildActionMask = 2147483647;
			files = (
				ED81033019546260002799B1 /* CustomCell.xib in Resources */,
				61030F9F1953D0AA004EDABE /* Images.xcassets in Resources */,
				ED81033419547E50002799B1 /* ifly_btn_h.png in Resources */,
			);
			runOnlyForDeploymentPostprocessing = 0;
		};
		61030FA21953D0AA004EDABE /* Resources */ = {
			isa = PBXResourcesBuildPhase;
			buildActionMask = 2147483647;
			files = (
			);
			runOnlyForDeploymentPostprocessing = 0;
		};
/* End PBXResourcesBuildPhase section */

/* Begin PBXSourcesBuildPhase section */
		61030F901953D0AA004EDABE /* Sources */ = {
			isa = PBXSourcesBuildPhase;
			buildActionMask = 2147483647;
			files = (
				61030FB91953DE58004EDABE /* RootVC.swift in Sources */,
				ED810336195523F1002799B1 /* HttpRequest.swift in Sources */,
				61030F9D1953D0AA004EDABE /* AppDelegate.m in Sources */,
				ED81032F19546260002799B1 /* CustomCell.swift in Sources */,
				61030F9A1953D0AA004EDABE /* main.m in Sources */,
				ED81033F19553659002799B1 /* NSString+URLEncoding.m in Sources */,
				ED81033E19553659002799B1 /* NSData+Base64.m in Sources */,
				ED81034019553659002799B1 /* StringEncryption.m in Sources */,
			);
			runOnlyForDeploymentPostprocessing = 0;
		};
		61030FA01953D0AA004EDABE /* Sources */ = {
			isa = PBXSourcesBuildPhase;
			buildActionMask = 2147483647;
			files = (
				61030FAB1953D0AA004EDABE /* OCplusSwiftTests.m in Sources */,
			);
			runOnlyForDeploymentPostprocessing = 0;
		};
/* End PBXSourcesBuildPhase section */

/* Begin PBXTargetDependency section */
		61030FA61953D0AA004EDABE /* PBXTargetDependency */ = {
			isa = PBXTargetDependency;
			target = 61030F931953D0AA004EDABE /* OCplusSwift */;
			targetProxy = 61030FA51953D0AA004EDABE /* PBXContainerItemProxy */;
		};
/* End PBXTargetDependency section */

/* Begin XCBuildConfiguration section */
		61030FAC1953D0AA004EDABE /* Debug */ = {
			isa = XCBuildConfiguration;
			buildSettings = {
				ALWAYS_SEARCH_USER_PATHS = NO;
				CLANG_CXX_LANGUAGE_STANDARD = "gnu++0x";
				CLANG_CXX_LIBRARY = "libc++";
				CLANG_ENABLE_MODULES = YES;
				CLANG_ENABLE_OBJC_ARC = YES;
				CLANG_WARN_BOOL_CONVERSION = YES;
				CLANG_WARN_CONSTANT_CONVERSION = YES;
				CLANG_WARN_DIRECT_OBJC_ISA_USAGE = YES_ERROR;
				CLANG_WARN_EMPTY_BODY = YES;
				CLANG_WARN_ENUM_CONVERSION = YES;
				CLANG_WARN_INT_CONVERSION = YES;
				CLANG_WARN_OBJC_ROOT_CLASS = YES_ERROR;
				CLANG_WARN_UNREACHABLE_CODE = YES;
				CLANG_WARN__DUPLICATE_METHOD_MATCH = YES;
				"CODE_SIGN_IDENTITY[sdk=iphoneos*]" = "iPhone Developer";
				COPY_PHASE_STRIP = NO;
				DEFINES_MODULE = YES;
				ENABLE_STRICT_OBJC_MSGSEND = YES;
				GCC_C_LANGUAGE_STANDARD = gnu99;
				GCC_DYNAMIC_NO_PIC = NO;
				GCC_OPTIMIZATION_LEVEL = 0;
				GCC_PREPROCESSOR_DEFINITIONS = (
					"DEBUG=1",
					"$(inherited)",
				);
				GCC_SYMBOLS_PRIVATE_EXTERN = NO;
				GCC_WARN_64_TO_32_BIT_CONVERSION = YES;
				GCC_WARN_ABOUT_RETURN_TYPE = YES_ERROR;
				GCC_WARN_UNDECLARED_SELECTOR = YES;
				GCC_WARN_UNINITIALIZED_AUTOS = YES_AGGRESSIVE;
				GCC_WARN_UNUSED_FUNCTION = YES;
				GCC_WARN_UNUSED_VARIABLE = YES;
				IPHONEOS_DEPLOYMENT_TARGET = 8.0;
				METAL_ENABLE_DEBUG_INFO = YES;
				ONLY_ACTIVE_ARCH = YES;
				SDKROOT = iphoneos;
			};
			name = Debug;
		};
		61030FAD1953D0AA004EDABE /* Release */ = {
			isa = XCBuildConfiguration;
			buildSettings = {
				ALWAYS_SEARCH_USER_PATHS = NO;
				CLANG_CXX_LANGUAGE_STANDARD = "gnu++0x";
				CLANG_CXX_LIBRARY = "libc++";
				CLANG_ENABLE_MODULES = YES;
				CLANG_ENABLE_OBJC_ARC = YES;
				CLANG_WARN_BOOL_CONVERSION = YES;
				CLANG_WARN_CONSTANT_CONVERSION = YES;
				CLANG_WARN_DIRECT_OBJC_ISA_USAGE = YES_ERROR;
				CLANG_WARN_EMPTY_BODY = YES;
				CLANG_WARN_ENUM_CONVERSION = YES;
				CLANG_WARN_INT_CONVERSION = YES;
				CLANG_WARN_OBJC_ROOT_CLASS = YES_ERROR;
				CLANG_WARN_UNREACHABLE_CODE = YES;
				CLANG_WARN__DUPLICATE_METHOD_MATCH = YES;
				"CODE_SIGN_IDENTITY[sdk=iphoneos*]" = "iPhone Developer";
				COPY_PHASE_STRIP = YES;
				DEFINES_MODULE = YES;
				ENABLE_NS_ASSERTIONS = NO;
				ENABLE_STRICT_OBJC_MSGSEND = YES;
				GCC_C_LANGUAGE_STANDARD = gnu99;
				GCC_WARN_64_TO_32_BIT_CONVERSION = YES;
				GCC_WARN_ABOUT_RETURN_TYPE = YES_ERROR;
				GCC_WARN_UNDECLARED_SELECTOR = YES;
				GCC_WARN_UNINITIALIZED_AUTOS = YES_AGGRESSIVE;
				GCC_WARN_UNUSED_FUNCTION = YES;
				GCC_WARN_UNUSED_VARIABLE = YES;
				IPHONEOS_DEPLOYMENT_TARGET = 8.0;
				METAL_ENABLE_DEBUG_INFO = NO;
				SDKROOT = iphoneos;
				VALIDATE_PRODUCT = YES;
			};
			name = Release;
		};
		61030FAF1953D0AA004EDABE /* Debug */ = {
			isa = XCBuildConfiguration;
			buildSettings = {
				ASSETCATALOG_COMPILER_APPICON_NAME = AppIcon;
				ASSETCATALOG_COMPILER_LAUNCHIMAGE_NAME = LaunchImage;
				CLANG_ENABLE_MODULES = YES;
				DEFINES_MODULE = YES;
				INFOPLIST_FILE = OCplusSwift/Info.plist;
				LD_RUNPATH_SEARCH_PATHS = "$(inherited) @executable_path/Frameworks";
				PRODUCT_NAME = "$(TARGET_NAME)";
				SWIFT_OBJC_BRIDGING_HEADER = "OCplusSwift/OCplusSwift-Bridging-Header.h";
				SWIFT_OPTIMIZATION_LEVEL = "-Onone";
			};
			name = Debug;
		};
		61030FB01953D0AA004EDABE /* Release */ = {
			isa = XCBuildConfiguration;
			buildSettings = {
				ASSETCATALOG_COMPILER_APPICON_NAME = AppIcon;
				ASSETCATALOG_COMPILER_LAUNCHIMAGE_NAME = LaunchImage;
				CLANG_ENABLE_MODULES = YES;
				DEFINES_MODULE = YES;
				INFOPLIST_FILE = OCplusSwift/Info.plist;
				LD_RUNPATH_SEARCH_PATHS = "$(inherited) @executable_path/Frameworks";
				PRODUCT_NAME = "$(TARGET_NAME)";
				SWIFT_OBJC_BRIDGING_HEADER = "OCplusSwift/OCplusSwift-Bridging-Header.h";
			};
			name = Release;
		};
		61030FB21953D0AA004EDABE /* Debug */ = {
			isa = XCBuildConfiguration;
			buildSettings = {
				BUNDLE_LOADER = "$(BUILT_PRODUCTS_DIR)/OCplusSwift.app/OCplusSwift";
				FRAMEWORK_SEARCH_PATHS = (
					"$(SDKROOT)/Developer/Library/Frameworks",
					"$(inherited)",
				);
				GCC_PREPROCESSOR_DEFINITIONS = (
					"DEBUG=1",
					"$(inherited)",
				);
				INFOPLIST_FILE = OCplusSwiftTests/Info.plist;
				LD_RUNPATH_SEARCH_PATHS = "$(inherited) @executable_path/Frameworks @loader_path/Frameworks";
				METAL_ENABLE_DEBUG_INFO = YES;
				PRODUCT_NAME = "$(TARGET_NAME)";
				TEST_HOST = "$(BUNDLE_LOADER)";
			};
			name = Debug;
		};
		61030FB31953D0AA004EDABE /* Release */ = {
			isa = XCBuildConfiguration;
			buildSettings = {
				BUNDLE_LOADER = "$(BUILT_PRODUCTS_DIR)/OCplusSwift.app/OCplusSwift";
				FRAMEWORK_SEARCH_PATHS = (
					"$(SDKROOT)/Developer/Library/Frameworks",
					"$(inherited)",
				);
				INFOPLIST_FILE = OCplusSwiftTests/Info.plist;
				LD_RUNPATH_SEARCH_PATHS = "$(inherited) @executable_path/Frameworks @loader_path/Frameworks";
				METAL_ENABLE_DEBUG_INFO = NO;
				PRODUCT_NAME = "$(TARGET_NAME)";
				TEST_HOST = "$(BUNDLE_LOADER)";
			};
			name = Release;
		};
/* End XCBuildConfiguration section */

/* Begin XCConfigurationList section */
		61030F8F1953D0AA004EDABE /* Build configuration list for PBXProject "OCplusSwift" */ = {
			isa = XCConfigurationList;
			buildConfigurations = (
				61030FAC1953D0AA004EDABE /* Debug */,
				61030FAD1953D0AA004EDABE /* Release */,
			);
			defaultConfigurationIsVisible = 0;
			defaultConfigurationName = Release;
		};
		61030FAE1953D0AA004EDABE /* Build configuration list for PBXNativeTarget "OCplusSwift" */ = {
			isa = XCConfigurationList;
			buildConfigurations = (
				61030FAF1953D0AA004EDABE /* Debug */,
				61030FB01953D0AA004EDABE /* Release */,
			);
			defaultConfigurationIsVisible = 0;
			defaultConfigurationName = Release;
		};
		61030FB11953D0AA004EDABE /* Build configuration list for PBXNativeTarget "OCplusSwiftTests" */ = {
			isa = XCConfigurationList;
			buildConfigurations = (
				61030FB21953D0AA004EDABE /* Debug */,
				61030FB31953D0AA004EDABE /* Release */,
			);
			defaultConfigurationIsVisible = 0;
			defaultConfigurationName = Release;
		};
/* End XCConfigurationList section */
	};
	rootObject = 61030F8C1953D0AA004EDABE /* Project object */;
}
